
Microsoft Visual Studio Solution File, Format Version 12.00
# Visual Studio Version 16
VisualStudioVersion = 16.0.29709.97
MinimumVisualStudioVersion = 10.0.40219.1
Project("{9A19103F-16F7-4668-BE54-9A1E7A4F7556}") = "ApiDashboard", "ApiDashboard\ApiDashboard.csproj", "{40917EC8-3C1E-4C64-B823-9DCCB02B02A8}"
EndProject
Project("{9A19103F-16F7-4668-BE54-9A1E7A4F7556}") = "DAL", "DAL\DAL.csproj", "{A93591D5-F8D7-48BF-BF1D-716933A7D0F5}"
EndProject
Project("{FAE04EC0-301F-11D3-BF4B-00C04F79EFBC}") = "Repository", "Repository\Repository.csproj", "{D9BE0C3A-3360-4514-9859-9F49D329BB49}"
EndProject
Project("{FAE04EC0-301F-11D3-BF4B-00C04F79EFBC}") = "Contracts", "Contracts\Contracts.csproj", "{BABE833A-8B42-492E-A15D-9306AC851514}"
EndProject
Global
	GlobalSection(SolutionConfigurationPlatforms) = preSolution
		Debug|Any CPU = Debug|Any CPU
		Release|Any CPU = Release|Any CPU
	EndGlobalSection
	GlobalSection(ProjectConfigurationPlatforms) = postSolution
		{40917EC8-3C1E-4C64-B823-9DCCB02B02A8}.Debug|Any CPU.ActiveCfg = Debug|Any CPU
		{40917EC8-3C1E-4C64-B823-9DCCB02B02A8}.Debug|Any CPU.Build.0 = Debug|Any CPU
		{40917EC8-3C1E-4C64-B823-9DCCB02B02A8}.Release|Any CPU.ActiveCfg = Release|Any CPU
		{40917EC8-3C1E-4C64-B823-9DCCB02B02A8}.Release|Any CPU.Build.0 = Release|Any CPU
		{A93591D5-F8D7-48BF-BF1D-716933A7D0F5}.Debug|Any CPU.ActiveCfg = Debug|Any CPU
		{A93591D5-F8D7-48BF-BF1D-716933A7D0F5}.Debug|Any CPU.Build.0 = Debug|Any CPU
		{A93591D5-F8D7-48BF-BF1D-716933A7D0F5}.Release|Any CPU.ActiveCfg = Release|Any CPU
		{A93591D5-F8D7-48BF-BF1D-716933A7D0F5}.Release|Any CPU.Build.0 = Release|Any CPU
		{D9BE0C3A-3360-4514-9859-9F49D329BB49}.Debug|Any CPU.ActiveCfg = Debug|Any CPU
		{D9BE0C3A-3360-4514-9859-9F49D329BB49}.Debug|Any CPU.Build.0 = Debug|Any CPU
		{D9BE0C3A-3360-4514-9859-9F49D329BB49}.Release|Any CPU.ActiveCfg = Release|Any CPU
		{D9BE0C3A-3360-4514-9859-9F49D329BB49}.Release|Any CPU.Build.0 = Release|Any CPU
		{BABE833A-8B42-492E-A15D-9306AC851514}.Debug|Any CPU.ActiveCfg = Debug|Any CPU
		{BABE833A-8B42-492E-A15D-9306AC851514}.Debug|Any CPU.Build.0 = Debug|Any CPU
		{BABE833A-8B42-492E-A15D-9306AC851514}.Release|Any CPU.ActiveCfg = Release|Any CPU
		{BABE833A-8B42-492E-A15D-9306AC851514}.Release|Any CPU.Build.0 = Release|Any CPU
	EndGlobalSection
	GlobalSection(SolutionProperties) = preSolution
		HideSolutionNode = FALSE
	EndGlobalSection
	GlobalSection(ExtensibilityGlobals) = postSolution
		SolutionGuid = {597207F7-3F27-4A28-8C5A-1A2D38B2EB06}
	EndGlobalSection
EndGlobal
